
Microsoft Visual Studio Solution File, Format Version 12.00
# Visual Studio Version 16
VisualStudioVersion = 16.0.31025.194
MinimumVisualStudioVersion = 10.0.40219.1
Project("{FAE04EC0-301F-11D3-BF4B-00C04F79EFBC}") = "appF.Android", "appF\appF.Android\appF.Android.csproj", "{CACA50DF-05EB-4BDD-B079-66133B9F67D3}"
EndProject
Project("{FAE04EC0-301F-11D3-BF4B-00C04F79EFBC}") = "appF.iOS", "appF\appF.iOS\appF.iOS.csproj", "{D8B7AB60-BFBC-4CB6-8406-71143C748DF0}"
EndProject
Project("{FAE04EC0-301F-11D3-BF4B-00C04F79EFBC}") = "appF", "appF\appF\appF.csproj", "{F3EB7ECB-D917-4694-9D97-725189300816}"
EndProject
Global
	GlobalSection(SolutionConfigurationPlatforms) = preSolution
		Debug|Any CPU = Debug|Any CPU
		Debug|iPhone = Debug|iPhone
		Debug|iPhoneSimulator = Debug|iPhoneSimulator
		Release|Any CPU = Release|Any CPU
		Release|iPhone = Release|iPhone
		Release|iPhoneSimulator = Release|iPhoneSimulator
	EndGlobalSection
	GlobalSection(ProjectConfigurationPlatforms) = postSolution
		{CACA50DF-05EB-4BDD-B079-66133B9F67D3}.Debug|Any CPU.ActiveCfg = Debug|Any CPU
		{CACA50DF-05EB-4BDD-B079-66133B9F67D3}.Debug|Any CPU.Build.0 = Debug|Any CPU
		{CACA50DF-05EB-4BDD-B079-66133B9F67D3}.Debug|Any CPU.Deploy.0 = Debug|Any CPU
		{CACA50DF-05EB-4BDD-B079-66133B9F67D3}.Debug|iPhone.ActiveCfg = Debug|Any CPU
		{CACA50DF-05EB-4BDD-B079-66133B9F67D3}.Debug|iPhone.Build.0 = Debug|Any CPU
		{CACA50DF-05EB-4BDD-B079-66133B9F67D3}.Debug|iPhone.Deploy.0 = Debug|Any CPU
		{CACA50DF-05EB-4BDD-B079-66133B9F67D3}.Debug|iPhoneSimulator.ActiveCfg = Debug|Any CPU
		{CACA50DF-05EB-4BDD-B079-66133B9F67D3}.Debug|iPhoneSimulator.Build.0 = Debug|Any CPU
		{CACA50DF-05EB-4BDD-B079-66133B9F67D3}.Debug|iPhoneSimulator.Deploy.0 = Debug|Any CPU
		{CACA50DF-05EB-4BDD-B079-66133B9F67D3}.Release|Any CPU.ActiveCfg = Release|Any CPU
		{CACA50DF-05EB-4BDD-B079-66133B9F67D3}.Release|Any CPU.Build.0 = Release|Any CPU
		{CACA50DF-05EB-4BDD-B079-66133B9F67D3}.Release|Any CPU.Deploy.0 = Release|Any CPU
		{CACA50DF-05EB-4BDD-B079-66133B9F67D3}.Release|iPhone.ActiveCfg = Release|Any CPU
		{CACA50DF-05EB-4BDD-B079-66133B9F67D3}.Release|iPhone.Build.0 = Release|Any CPU
		{CACA50DF-05EB-4BDD-B079-66133B9F67D3}.Release|iPhone.Deploy.0 = Release|Any CPU
		{CACA50DF-05EB-4BDD-B079-66133B9F67D3}.Release|iPhoneSimulator.ActiveCfg = Release|Any CPU
		{CACA50DF-05EB-4BDD-B079-66133B9F67D3}.Release|iPhoneSimulator.Build.0 = Release|Any CPU
		{CACA50DF-05EB-4BDD-B079-66133B9F67D3}.Release|iPhoneSimulator.Deploy.0 = Release|Any CPU
		{D8B7AB60-BFBC-4CB6-8406-71143C748DF0}.Debug|Any CPU.ActiveCfg = Debug|iPhone
		{D8B7AB60-BFBC-4CB6-8406-71143C748DF0}.Debug|Any CPU.Build.0 = Debug|iPhone
		{D8B7AB60-BFBC-4CB6-8406-71143C748DF0}.Debug|Any CPU.Deploy.0 = Debug|iPhone
		{D8B7AB60-BFBC-4CB6-8406-71143C748DF0}.Debug|iPhone.ActiveCfg = Debug|iPhone
		{D8B7AB60-BFBC-4CB6-8406-71143C748DF0}.Debug|iPhone.Build.0 = Debug|iPhone
		{D8B7AB60-BFBC-4CB6-8406-71143C748DF0}.Debug|iPhone.Deploy.0 = Debug|iPhone
		{D8B7AB60-BFBC-4CB6-8406-71143C748DF0}.Debug|iPhoneSimulator.ActiveCfg = Debug|iPhoneSimulator
		{D8B7AB60-BFBC-4CB6-8406-71143C748DF0}.Debug|iPhoneSimulator.Build.0 = Debug|iPhoneSimulator
		{D8B7AB60-BFBC-4CB6-8406-71143C748DF0}.Debug|iPhoneSimulator.Deploy.0 = Debug|iPhoneSimulator
		{D8B7AB60-BFBC-4CB6-8406-71143C748DF0}.Release|Any CPU.ActiveCfg = Release|iPhoneSimulator
		{D8B7AB60-BFBC-4CB6-8406-71143C748DF0}.Release|Any CPU.Build.0 = Release|iPhoneSimulator
		{D8B7AB60-BFBC-4CB6-8406-71143C748DF0}.Release|Any CPU.Deploy.0 = Release|iPhoneSimulator
		{D8B7AB60-BFBC-4CB6-8406-71143C748DF0}.Release|iPhone.ActiveCfg = Release|iPhone
		{D8B7AB60-BFBC-4CB6-8406-71143C748DF0}.Release|iPhone.Build.0 = Release|iPhone
		{D8B7AB60-BFBC-4CB6-8406-71143C748DF0}.Release|iPhone.Deploy.0 = Release|iPhone
		{D8B7AB60-BFBC-4CB6-8406-71143C748DF0}.Release|iPhoneSimulator.ActiveCfg = Release|iPhoneSimulator
		{D8B7AB60-BFBC-4CB6-8406-71143C748DF0}.Release|iPhoneSimulator.Build.0 = Release|iPhoneSimulator
		{D8B7AB60-BFBC-4CB6-8406-71143C748DF0}.Release|iPhoneSimulator.Deploy.0 = Release|iPhoneSimulator
		{F3EB7ECB-D917-4694-9D97-725189300816}.Debug|Any CPU.ActiveCfg = Debug|Any CPU
		{F3EB7ECB-D917-4694-9D97-725189300816}.Debug|Any CPU.Build.0 = Debug|Any CPU
		{F3EB7ECB-D917-4694-9D97-725189300816}.Debug|Any CPU.Deploy.0 = Debug|Any CPU
		{F3EB7ECB-D917-4694-9D97-725189300816}.Debug|iPhone.ActiveCfg = Debug|Any CPU
		{F3EB7ECB-D917-4694-9D97-725189300816}.Debug|iPhone.Build.0 = Debug|Any CPU
		{F3EB7ECB-D917-4694-9D97-725189300816}.Debug|iPhone.Deploy.0 = Debug|Any CPU
		{F3EB7ECB-D917-4694-9D97-725189300816}.Debug|iPhoneSimulator.ActiveCfg = Debug|Any CPU
		{F3EB7ECB-D917-4694-9D97-725189300816}.Debug|iPhoneSimulator.Build.0 = Debug|Any CPU
		{F3EB7ECB-D917-4694-9D97-725189300816}.Debug|iPhoneSimulator.Deploy.0 = Debug|Any CPU
		{F3EB7ECB-D917-4694-9D97-725189300816}.Release|Any CPU.ActiveCfg = Release|Any CPU
		{F3EB7ECB-D917-4694-9D97-725189300816}.Release|Any CPU.Build.0 = Release|Any CPU
		{F3EB7ECB-D917-4694-9D97-725189300816}.Release|Any CPU.Deploy.0 = Release|Any CPU
		{F3EB7ECB-D917-4694-9D97-725189300816}.Release|iPhone.ActiveCfg = Release|Any CPU
		{F3EB7ECB-D917-4694-9D97-725189300816}.Release|iPhone.Build.0 = Release|Any CPU
		{F3EB7ECB-D917-4694-9D97-725189300816}.Release|iPhone.Deploy.0 = Release|Any CPU
		{F3EB7ECB-D917-4694-9D97-725189300816}.Release|iPhoneSimulator.ActiveCfg = Release|Any CPU
		{F3EB7ECB-D917-4694-9D97-725189300816}.Release|iPhoneSimulator.Build.0 = Release|Any CPU
		{F3EB7ECB-D917-4694-9D97-725189300816}.Release|iPhoneSimulator.Deploy.0 = Release|Any CPU
	EndGlobalSection
	GlobalSection(SolutionProperties) = preSolution
		HideSolutionNode = FALSE
	EndGlobalSection
	GlobalSection(ExtensibilityGlobals) = postSolution
		SolutionGuid = {A93C746E-1198-4A48-AA50-59D31089967B}
	EndGlobalSection
EndGlobal
